
Microsoft Visual Studio Solution File, Format Version 12.00
# Visual Studio Version 17
VisualStudioVersion = 17.9.34622.214
MinimumVisualStudioVersion = 10.0.40219.1
Project("{FAE04EC0-301F-11D3-BF4B-00C04F79EFBC}") = "CustomerDatabaseAPI.Server", "CustomerDatabaseAPI.Server\CustomerDatabaseAPI.Server.csproj", "{3BA8F028-EA5C-4EE8-98AE-F05C86764DC9}"
EndProject
Project("{54A90642-561A-4BB1-A94E-469ADEE60C69}") = "customerdatabaseapi.client", "customerdatabaseapi.client\customerdatabaseapi.client.esproj", "{F32A620E-9C54-42A0-B9FE-8E226BC7BBE5}"
EndProject
Global
	GlobalSection(SolutionConfigurationPlatforms) = preSolution
		Debug|Any CPU = Debug|Any CPU
		Release|Any CPU = Release|Any CPU
	EndGlobalSection
	GlobalSection(ProjectConfigurationPlatforms) = postSolution
		{3BA8F028-EA5C-4EE8-98AE-F05C86764DC9}.Debug|Any CPU.ActiveCfg = Debug|Any CPU
		{3BA8F028-EA5C-4EE8-98AE-F05C86764DC9}.Debug|Any CPU.Build.0 = Debug|Any CPU
		{3BA8F028-EA5C-4EE8-98AE-F05C86764DC9}.Release|Any CPU.ActiveCfg = Release|Any CPU
		{3BA8F028-EA5C-4EE8-98AE-F05C86764DC9}.Release|Any CPU.Build.0 = Release|Any CPU
		{F32A620E-9C54-42A0-B9FE-8E226BC7BBE5}.Debug|Any CPU.ActiveCfg = Debug|Any CPU
		{F32A620E-9C54-42A0-B9FE-8E226BC7BBE5}.Debug|Any CPU.Build.0 = Debug|Any CPU
		{F32A620E-9C54-42A0-B9FE-8E226BC7BBE5}.Debug|Any CPU.Deploy.0 = Debug|Any CPU
		{F32A620E-9C54-42A0-B9FE-8E226BC7BBE5}.Release|Any CPU.ActiveCfg = Release|Any CPU
		{F32A620E-9C54-42A0-B9FE-8E226BC7BBE5}.Release|Any CPU.Build.0 = Release|Any CPU
		{F32A620E-9C54-42A0-B9FE-8E226BC7BBE5}.Release|Any CPU.Deploy.0 = Release|Any CPU
	EndGlobalSection
	GlobalSection(SolutionProperties) = preSolution
		HideSolutionNode = FALSE
	EndGlobalSection
	GlobalSection(ExtensibilityGlobals) = postSolution
		SolutionGuid = {35BA31EE-C6FB-4BE9-9A57-CA5C6D4BF35C}
	EndGlobalSection
EndGlobal
